
Microsoft Visual Studio Solution File, Format Version 12.00
# Visual Studio Version 16
VisualStudioVersion = 16.0.29926.136
MinimumVisualStudioVersion = 10.0.40219.1
Project("{FAE04EC0-301F-11D3-BF4B-00C04F79EFBC}") = "Projekt", "Projekt\Projekt.csproj", "{557A5D07-754F-467E-9B9A-75DAA31D45FB}"
EndProject
Global
	GlobalSection(SolutionConfigurationPlatforms) = preSolution
		Debug|Any CPU = Debug|Any CPU
		Release|Any CPU = Release|Any CPU
	EndGlobalSection
	GlobalSection(ProjectConfigurationPlatforms) = postSolution
		{557A5D07-754F-467E-9B9A-75DAA31D45FB}.Debug|Any CPU.ActiveCfg = Debug|Any CPU
		{557A5D07-754F-467E-9B9A-75DAA31D45FB}.Debug|Any CPU.Build.0 = Debug|Any CPU
		{557A5D07-754F-467E-9B9A-75DAA31D45FB}.Release|Any CPU.ActiveCfg = Release|Any CPU
		{557A5D07-754F-467E-9B9A-75DAA31D45FB}.Release|Any CPU.Build.0 = Release|Any CPU
	EndGlobalSection
	GlobalSection(SolutionProperties) = preSolution
		HideSolutionNode = FALSE
	EndGlobalSection
	GlobalSection(ExtensibilityGlobals) = postSolution
		SolutionGuid = {D79B0AE2-1135-4AD6-A587-376437797257}
	EndGlobalSection
EndGlobal
